# generated by rye
# use `rye lock` or `rye sync` to update this lockfile
#
# last locked with the following flags:
#   pre: false
#   features: []
#   all-features: false
#   with-sources: false
#   generate-hashes: false

-e file:.
cachetools==5.3.3
    # via google-auth
certifi==2024.6.2
    # via requests
charset-normalizer==3.3.2
    # via requests
earthengine-api==0.1.408
    # via ee101
google-api-core==2.19.1
    # via google-api-python-client
    # via google-cloud-core
    # via google-cloud-storage
google-api-python-client==2.134.0
    # via earthengine-api
google-auth==2.30.0
    # via earthengine-api
    # via google-api-core
    # via google-api-python-client
    # via google-auth-httplib2
    # via google-cloud-core
    # via google-cloud-storage
google-auth-httplib2==0.2.0
    # via earthengine-api
    # via google-api-python-client
google-cloud-core==2.4.1
    # via google-cloud-storage
google-cloud-storage==2.17.0
    # via earthengine-api
google-crc32c==1.5.0
    # via google-cloud-storage
    # via google-resumable-media
google-resumable-media==2.7.1
    # via google-cloud-storage
googleapis-common-protos==1.63.2
    # via google-api-core
httplib2==0.22.0
    # via earthengine-api
    # via google-api-python-client
    # via google-auth-httplib2
idna==3.7
    # via requests
proto-plus==1.24.0
    # via google-api-core
protobuf==5.27.2
    # via google-api-core
    # via googleapis-common-protos
    # via proto-plus
pyasn1==0.6.0
    # via pyasn1-modules
    # via rsa
pyasn1-modules==0.4.0
    # via google-auth
pyparsing==3.1.2
    # via httplib2
requests==2.32.3
    # via earthengine-api
    # via google-api-core
    # via google-cloud-storage
rsa==4.9
    # via google-auth
uritemplate==4.1.1
    # via google-api-python-client
urllib3==2.2.2
    # via requests
